
Microsoft Visual Studio Solution File, Format Version 12.00
# Visual Studio Version 16
VisualStudioVersion = 16.0.31112.23
MinimumVisualStudioVersion = 10.0.40219.1
Project("{FAE04EC0-301F-11D3-BF4B-00C04F79EFBC}") = "Build_strategyCS", "Build_strategyCS\Build_strategyCS.csproj", "{6271B059-59A2-4F46-8EF2-27DF7F6DCB7A}"
EndProject
Global
	GlobalSection(SolutionConfigurationPlatforms) = preSolution
		Debug|Any CPU = Debug|Any CPU
		Release|Any CPU = Release|Any CPU
	EndGlobalSection
	GlobalSection(ProjectConfigurationPlatforms) = postSolution
		{6271B059-59A2-4F46-8EF2-27DF7F6DCB7A}.Debug|Any CPU.ActiveCfg = Debug|Any CPU
		{6271B059-59A2-4F46-8EF2-27DF7F6DCB7A}.Debug|Any CPU.Build.0 = Debug|Any CPU
		{6271B059-59A2-4F46-8EF2-27DF7F6DCB7A}.Release|Any CPU.ActiveCfg = Release|Any CPU
		{6271B059-59A2-4F46-8EF2-27DF7F6DCB7A}.Release|Any CPU.Build.0 = Release|Any CPU
	EndGlobalSection
	GlobalSection(SolutionProperties) = preSolution
		HideSolutionNode = FALSE
	EndGlobalSection
	GlobalSection(ExtensibilityGlobals) = postSolution
		SolutionGuid = {5132E5AD-ABFF-48BC-BB9E-36008F2BCE23}
	EndGlobalSection
EndGlobal
